PODS:
  - Alamofire (4.9.1)
  - Kingfisher (6.3.1)

DEPENDENCIES:
  - Alamofire (~> 4.4)
  - Kingfisher (~> 6.0)

SPEC REPOS:
  trunk:
    - Alamofire
    - Kingfisher

SPEC CHECKSUMS:
  Alamofire: 85e8a02c69d6020a0d734f6054870d7ecb75cf18
  Kingfisher: 016c8b653a35add51dd34a3aba36b580041acc74

PODFILE CHECKSUM: 4c389e1b2ef735a3f663be4d4b897ccb9b9c6ac4

COCOAPODS: 1.11.2
